
Microsoft Visual Studio Solution File, Format Version 12.00
# Visual Studio 15
Project("{FAE04EC0-301F-11D3-BF4B-00C04F79EFBC}") = "PlayFab", "PlayFab.csproj", "{CD31C444-38DB-D1FC-B62F-BE143B12D38C}"
EndProject
Project("{FAE04EC0-301F-11D3-BF4B-00C04F79EFBC}") = "PlayFabEditorExtensions", "PlayFabEditorExtensions.csproj", "{7772D2C5-88BF-C6AB-80D0-59DAC98D90A8}"
EndProject
Project("{FAE04EC0-301F-11D3-BF4B-00C04F79EFBC}") = "Assembly-CSharp", "Assembly-CSharp.csproj", "{C729B7A2-8E0B-FF48-BD34-AE93477C7218}"
EndProject
Project("{FAE04EC0-301F-11D3-BF4B-00C04F79EFBC}") = "PlayFabSDKEditor", "PlayFabSDKEditor.csproj", "{411A633F-816F-682F-622A-5D5EBF0EFB55}"
EndProject
Global
	GlobalSection(SolutionConfigurationPlatforms) = preSolution
		Debug|Any CPU = Debug|Any CPU
		Release|Any CPU = Release|Any CPU
	EndGlobalSection
	GlobalSection(ProjectConfigurationPlatforms) = postSolution
		{CD31C444-38DB-D1FC-B62F-BE143B12D38C}.Debug|Any CPU.ActiveCfg = Debug|Any CPU
		{CD31C444-38DB-D1FC-B62F-BE143B12D38C}.Debug|Any CPU.Build.0 = Debug|Any CPU
		{CD31C444-38DB-D1FC-B62F-BE143B12D38C}.Release|Any CPU.ActiveCfg = Release|Any CPU
		{CD31C444-38DB-D1FC-B62F-BE143B12D38C}.Release|Any CPU.Build.0 = Release|Any CPU
		{7772D2C5-88BF-C6AB-80D0-59DAC98D90A8}.Debug|Any CPU.ActiveCfg = Debug|Any CPU
		{7772D2C5-88BF-C6AB-80D0-59DAC98D90A8}.Debug|Any CPU.Build.0 = Debug|Any CPU
		{7772D2C5-88BF-C6AB-80D0-59DAC98D90A8}.Release|Any CPU.ActiveCfg = Release|Any CPU
		{7772D2C5-88BF-C6AB-80D0-59DAC98D90A8}.Release|Any CPU.Build.0 = Release|Any CPU
		{C729B7A2-8E0B-FF48-BD34-AE93477C7218}.Debug|Any CPU.ActiveCfg = Debug|Any CPU
		{C729B7A2-8E0B-FF48-BD34-AE93477C7218}.Debug|Any CPU.Build.0 = Debug|Any CPU
		{C729B7A2-8E0B-FF48-BD34-AE93477C7218}.Release|Any CPU.ActiveCfg = Release|Any CPU
		{C729B7A2-8E0B-FF48-BD34-AE93477C7218}.Release|Any CPU.Build.0 = Release|Any CPU
		{411A633F-816F-682F-622A-5D5EBF0EFB55}.Debug|Any CPU.ActiveCfg = Debug|Any CPU
		{411A633F-816F-682F-622A-5D5EBF0EFB55}.Debug|Any CPU.Build.0 = Debug|Any CPU
		{411A633F-816F-682F-622A-5D5EBF0EFB55}.Release|Any CPU.ActiveCfg = Release|Any CPU
		{411A633F-816F-682F-622A-5D5EBF0EFB55}.Release|Any CPU.Build.0 = Release|Any CPU
	EndGlobalSection
	GlobalSection(SolutionProperties) = preSolution
		HideSolutionNode = FALSE
	EndGlobalSection
EndGlobal
